
Microsoft Visual Studio Solution File, Format Version 12.00
# Visual Studio Version 17
VisualStudioVersion = 17.5.33516.290
MinimumVisualStudioVersion = 10.0.40219.1
Project("{FAE04EC0-301F-11D3-BF4B-00C04F79EFBC}") = "NET6CRUD", "NET6CRUD.csproj", "{2A1A5243-ED25-4A2A-BB3E-178546C4F5FC}"
EndProject
Global
	GlobalSection(SolutionConfigurationPlatforms) = preSolution
		Debug|Any CPU = Debug|Any CPU
		Release|Any CPU = Release|Any CPU
	EndGlobalSection
	GlobalSection(ProjectConfigurationPlatforms) = postSolution
		{2A1A5243-ED25-4A2A-BB3E-178546C4F5FC}.Debug|Any CPU.ActiveCfg = Debug|Any CPU
		{2A1A5243-ED25-4A2A-BB3E-178546C4F5FC}.Debug|Any CPU.Build.0 = Debug|Any CPU
		{2A1A5243-ED25-4A2A-BB3E-178546C4F5FC}.Release|Any CPU.ActiveCfg = Release|Any CPU
		{2A1A5243-ED25-4A2A-BB3E-178546C4F5FC}.Release|Any CPU.Build.0 = Release|Any CPU
	EndGlobalSection
	GlobalSection(SolutionProperties) = preSolution
		HideSolutionNode = FALSE
	EndGlobalSection
	GlobalSection(ExtensibilityGlobals) = postSolution
		SolutionGuid = {E8C73F91-335C-465E-B770-62B5FEFBB49D}
	EndGlobalSection
EndGlobal
